
Microsoft Visual Studio Solution File, Format Version 12.00
# Visual Studio 15
VisualStudioVersion = 15.0.28010.2003
MinimumVisualStudioVersion = 10.0.40219.1
Project("{8BC9CEB8-8B4A-11D0-8D11-00A0C91BC942}") = "practice-directx12", "practice-directx12\practice-directx12.vcxproj", "{82600153-C908-492F-92A5-0A264F389214}"
EndProject
Global
	GlobalSection(SolutionConfigurationPlatforms) = preSolution
		Debug|x64 = Debug|x64
		Debug|x86 = Debug|x86
		Release|x64 = Release|x64
		Release|x86 = Release|x86
	EndGlobalSection
	GlobalSection(ProjectConfigurationPlatforms) = postSolution
		{82600153-C908-492F-92A5-0A264F389214}.Debug|x64.ActiveCfg = Debug|x64
		{82600153-C908-492F-92A5-0A264F389214}.Debug|x64.Build.0 = Debug|x64
		{82600153-C908-492F-92A5-0A264F389214}.Debug|x86.ActiveCfg = Debug|Win32
		{82600153-C908-492F-92A5-0A264F389214}.Debug|x86.Build.0 = Debug|Win32
		{82600153-C908-492F-92A5-0A264F389214}.Release|x64.ActiveCfg = Release|x64
		{82600153-C908-492F-92A5-0A264F389214}.Release|x64.Build.0 = Release|x64
		{82600153-C908-492F-92A5-0A264F389214}.Release|x86.ActiveCfg = Release|Win32
		{82600153-C908-492F-92A5-0A264F389214}.Release|x86.Build.0 = Release|Win32
	EndGlobalSection
	GlobalSection(SolutionProperties) = preSolution
		HideSolutionNode = FALSE
	EndGlobalSection
	GlobalSection(ExtensibilityGlobals) = postSolution
		SolutionGuid = {E48CAE56-B632-4AA1-A5FB-0939C6A94370}
	EndGlobalSection
EndGlobal
